
Microsoft Visual Studio Solution File, Format Version 12.00
# Visual Studio 2013
VisualStudioVersion = 12.0.21005.1
MinimumVisualStudioVersion = 10.0.40219.1
Project("{8BC9CEB8-8B4A-11D0-8D11-00A0C91BC942}") = "tcpclient", "tcpclient.vcxproj", "{A70F8994-5EA6-4E95-B2F6-4E24F7ED6278}"
	ProjectSection(ProjectDependencies) = postProject
		{9893F629-2A23-431A-8AE1-76CEC8E638EB} = {9893F629-2A23-431A-8AE1-76CEC8E638EB}
	EndProjectSection
EndProject
Project("{8BC9CEB8-8B4A-11D0-8D11-00A0C91BC942}") = "xsocket", "..\xsocket\xsocket.vcxproj", "{9893F629-2A23-431A-8AE1-76CEC8E638EB}"
EndProject
Global
	GlobalSection(SolutionConfigurationPlatforms) = preSolution
		Debug|Win32 = Debug|Win32
		Release|Win32 = Release|Win32
	EndGlobalSection
	GlobalSection(ProjectConfigurationPlatforms) = postSolution
		{A70F8994-5EA6-4E95-B2F6-4E24F7ED6278}.Debug|Win32.ActiveCfg = Debug|Win32
		{A70F8994-5EA6-4E95-B2F6-4E24F7ED6278}.Debug|Win32.Build.0 = Debug|Win32
		{A70F8994-5EA6-4E95-B2F6-4E24F7ED6278}.Release|Win32.ActiveCfg = Release|Win32
		{A70F8994-5EA6-4E95-B2F6-4E24F7ED6278}.Release|Win32.Build.0 = Release|Win32
		{9893F629-2A23-431A-8AE1-76CEC8E638EB}.Debug|Win32.ActiveCfg = Debug|Win32
		{9893F629-2A23-431A-8AE1-76CEC8E638EB}.Debug|Win32.Build.0 = Debug|Win32
		{9893F629-2A23-431A-8AE1-76CEC8E638EB}.Release|Win32.ActiveCfg = Release|Win32
		{9893F629-2A23-431A-8AE1-76CEC8E638EB}.Release|Win32.Build.0 = Release|Win32
	EndGlobalSection
	GlobalSection(SolutionProperties) = preSolution
		HideSolutionNode = FALSE
	EndGlobalSection
EndGlobal
